
Microsoft Visual Studio Solution File, Format Version 12.00
# Visual Studio Version 17
VisualStudioVersion = 17.4.33213.308
MinimumVisualStudioVersion = 10.0.40219.1
Project("{FAE04EC0-301F-11D3-BF4B-00C04F79EFBC}") = "Pesutupa", "Pesutupa\Pesutupa.csproj", "{F969C378-B63F-4CE7-9E21-034A5A3A7CDA}"
EndProject
Global
	GlobalSection(SolutionConfigurationPlatforms) = preSolution
		Debug|Any CPU = Debug|Any CPU
		Release|Any CPU = Release|Any CPU
	EndGlobalSection
	GlobalSection(ProjectConfigurationPlatforms) = postSolution
		{F969C378-B63F-4CE7-9E21-034A5A3A7CDA}.Debug|Any CPU.ActiveCfg = Debug|Any CPU
		{F969C378-B63F-4CE7-9E21-034A5A3A7CDA}.Debug|Any CPU.Build.0 = Debug|Any CPU
		{F969C378-B63F-4CE7-9E21-034A5A3A7CDA}.Release|Any CPU.ActiveCfg = Release|Any CPU
		{F969C378-B63F-4CE7-9E21-034A5A3A7CDA}.Release|Any CPU.Build.0 = Release|Any CPU
	EndGlobalSection
	GlobalSection(SolutionProperties) = preSolution
		HideSolutionNode = FALSE
	EndGlobalSection
	GlobalSection(ExtensibilityGlobals) = postSolution
		SolutionGuid = {8BCE2263-4936-49D0-A0EB-1C9228E23353}
	EndGlobalSection
EndGlobal
